{
  "name": "possibly-review-workspace",
  "lockfileVersion": 3,
  "requires": true,
  "packages": {
    "": {
      "name": "possibly-review-workspace",
      "dependencies": {
        "@a2ui/lit": "0.10.3",
        "@a2ui/web_core": "0.10.7",
        "lit": "3.3.3",
        "zod": "3.25.76"
      },
      "devDependencies": {
        "esbuild": "0.25.12",
        "prettier": "3.8.4",
        "zod-to-json-schema": "3.25.2"
      }
    },
    "node_modules/@a2ui/lit": {
      "version": "0.10.3",
      "resolved": "https://ms-feed-25.pkgs.visualstudio.com/1es-public/_packaging/npm-public/npm/registry/@a2ui/lit/-/lit-0.10.3.tgz",
      "integrity": "sha1-2xwo+9uRI1wCY60O7NuUyyU+Cu4=",
      "license": "Apache-2.0",
      "dependencies": {
        "@a2ui/web_core": "^0.10.6",
        "@lit-labs/signals": "^0.3.0",
        "@lit/context": "^1.1.6",
        "lit": "^3.3.3",
        "signal-utils": "^0.21.1",
        "zod": "^3.25.76"
      },
      "peerDependencies": {
        "@a2ui/markdown-it": "*"
      },
      "peerDependenciesMeta": {
        "@a2ui/markdown-it": {
          "optional": true
        }
      }
    },
    "node_modules/@a2ui/web_core": {
      "version": "0.10.7",
      "resolved": "https://ms-feed-25.pkgs.visualstudio.com/1es-public/_packaging/npm-public/npm/registry/@a2ui/web_core/-/web_core-0.10.7.tgz",
      "integrity": "sha1-i2KAgqrXpKZusuWEAyoIPNF1h/o=",
      "license": "Apache-2.0",
      "dependencies": {
        "@preact/signals-core": "^1.14.2",
        "date-fns": "^4.4.0",
        "zod": "^3.25.76",
        "zod-to-json-schema": "^3.25.2"
      }
    },
    "node_modules/@esbuild/aix-ppc64": {
      "version": "0.25.12",
      "resolved": "https://ms-feed-25.pkgs.visualstudio.com/1es-public/_packaging/npm-public/npm/registry/@esbuild/aix-ppc64/-/aix-ppc64-0.25.12.tgz",
      "integrity": "sha1-gPy+NhMOWLdnBRHoiLjoiiWe12w=",
      "cpu": [
        "ppc64"
      ],
      "dev": true,
      "license": "MIT",
      "optional": true,
      "os": [
        "aix"
      ],
      "engines": {
        "node": ">=18"
      }
    },
    "node_modules/@esbuild/android-arm": {
      "version": "0.25.12",
      "resolved": "https://ms-feed-25.pkgs.visualstudio.com/1es-public/_packaging/npm-public/npm/registry/@esbuild/android-arm/-/android-arm-0.25.12.tgz",
      "integrity": "sha1-MAcSEB9/UPHSYnoWLm4JsQm2dno=",
      "cpu": [
        "arm"
      ],
      "dev": true,
      "license": "MIT",
      "optional": true,
      "os": [
        "android"
      ],
      "engines": {
        "node": ">=18"
      }
    },
    "node_modules/@esbuild/android-arm64": {
      "version": "0.25.12",
      "resolved": "https://ms-feed-25.pkgs.visualstudio.com/1es-public/_packaging/npm-public/npm/registry/@esbuild/android-arm64/-/android-arm64-0.25.12.tgz",
      "integrity": "sha1-iqSWX40KeYLcIXNL9mATI6Ztp1I=",
      "cpu": [
        "arm64"
      ],
      "dev": true,
      "license": "MIT",
      "optional": true,
      "os": [
        "android"
      ],
      "engines": {
        "node": ">=18"
      }
    },
    "node_modules/@esbuild/android-x64": {
      "version": "0.25.12",
      "resolved": "https://ms-feed-25.pkgs.visualstudio.com/1es-public/_packaging/npm-public/npm/registry/@esbuild/android-x64/-/android-x64-0.25.12.tgz",
      "integrity": "sha1-h9+ycWEgK9yVjvSLthsJx1j67hY=",
      "cpu": [
        "x64"
      ],
      "dev": true,
      "license": "MIT",
      "optional": true,
      "os": [
        "android"
      ],
      "engines": {
        "node": ">=18"
      }
    },
    "node_modules/@esbuild/darwin-arm64": {
      "version": "0.25.12",
      "resolved": "https://ms-feed-25.pkgs.visualstudio.com/1es-public/_packaging/npm-public/npm/registry/@esbuild/darwin-arm64/-/darwin-arm64-0.25.12.tgz",
      "integrity": "sha1-eRl4mOwf90XSHAceHHzDyALwwf0=",
      "cpu": [
        "arm64"
      ],
      "dev": true,
      "license": "MIT",
      "optional": true,
      "os": [
        "darwin"
      ],
      "engines": {
        "node": ">=18"
      }
    },
    "node_modules/@esbuild/darwin-x64": {
      "version": "0.25.12",
      "resolved": "https://ms-feed-25.pkgs.visualstudio.com/1es-public/_packaging/npm-public/npm/registry/@esbuild/darwin-x64/-/darwin-x64-0.25.12.tgz",
      "integrity": "sha1-FGQAqFYhM/RcTS6tzzfd0JcYB54=",
      "cpu": [
        "x64"
      ],
      "dev": true,
      "license": "MIT",
      "optional": true,
      "os": [
        "darwin"
      ],
      "engines": {
        "node": ">=18"
      }
    },
    "node_modules/@esbuild/freebsd-arm64": {
      "version": "0.25.12",
      "resolved": "https://ms-feed-25.pkgs.visualstudio.com/1es-public/_packaging/npm-public/npm/registry/@esbuild/freebsd-arm64/-/freebsd-arm64-0.25.12.tgz",
      "integrity": "sha1-HF+bpyBuFY/SskxZ+i0si7R8oP4=",
      "cpu": [
        "arm64"
      ],
      "dev": true,
      "license": "MIT",
      "optional": true,
      "os": [
        "freebsd"
      ],
      "engines": {
        "node": ">=18"
      }
    },
    "node_modules/@esbuild/freebsd-x64": {
      "version": "0.25.12",
      "resolved": "https://ms-feed-25.pkgs.visualstudio.com/1es-public/_packaging/npm-public/npm/registry/@esbuild/freebsd-x64/-/freebsd-x64-0.25.12.tgz",
      "integrity": "sha1-6mMfSja+qsS5J5+g/MbKKerusrM=",
      "cpu": [
        "x64"
      ],
      "dev": true,
      "license": "MIT",
      "optional": true,
      "os": [
        "freebsd"
      ],
      "engines": {
        "node": ">=18"
      }
    },
    "node_modules/@esbuild/linux-arm": {
      "version": "0.25.12",
      "resolved": "https://ms-feed-25.pkgs.visualstudio.com/1es-public/_packaging/npm-public/npm/registry/@esbuild/linux-arm/-/linux-arm-0.25.12.tgz",
      "integrity": "sha1-RSzWayCTLQi9xTqLYcDjC69DSLk=",
      "cpu": [
        "arm"
      ],
      "dev": true,
      "license": "MIT",
      "optional": true,
      "os": [
        "linux"
      ],
      "engines": {
        "node": ">=18"
      }
    },
    "node_modules/@esbuild/linux-arm64": {
      "version": "0.25.12",
      "resolved": "https://ms-feed-25.pkgs.visualstudio.com/1es-public/_packaging/npm-public/npm/registry/@esbuild/linux-arm64/-/linux-arm64-0.25.12.tgz",
      "integrity": "sha1-4QZrzlg5TxsRQd7shVel8KIvWXc=",
      "cpu": [
        "arm64"
      ],
      "dev": true,
      "license": "MIT",
      "optional": true,
      "os": [
        "linux"
      ],
      "engines": {
        "node": ">=18"
      }
    },
    "node_modules/@esbuild/linux-ia32": {
      "version": "0.25.12",
      "resolved": "https://ms-feed-25.pkgs.visualstudio.com/1es-public/_packaging/npm-public/npm/registry/@esbuild/linux-ia32/-/linux-ia32-0.25.12.tgz",
      "integrity": "sha1-sk+KzEW89UGSx/LzvhtT5lUer+A=",
      "cpu": [
        "ia32"
      ],
      "dev": true,
      "license": "MIT",
      "optional": true,
      "os": [
        "linux"
      ],
      "engines": {
        "node": ">=18"
      }
    },
    "node_modules/@esbuild/linux-loong64": {
      "version": "0.25.12",
      "resolved": "https://ms-feed-25.pkgs.visualstudio.com/1es-public/_packaging/npm-public/npm/registry/@esbuild/linux-loong64/-/linux-loong64-0.25.12.tgz",
      "integrity": "sha1-+c//p/yDIlcfvEyLMmjK8VvYGtA=",
      "cpu": [
        "loong64"
      ],
      "dev": true,
      "license": "MIT",
      "optional": true,
      "os": [
        "linux"
      ],
      "engines": {
        "node": ">=18"
      }
    },
    "node_modules/@esbuild/linux-mips64el": {
      "version": "0.25.12",
      "resolved": "https://ms-feed-25.pkgs.visualstudio.com/1es-public/_packaging/npm-public/npm/registry/@esbuild/linux-mips64el/-/linux-mips64el-0.25.12.tgz",
      "integrity": "sha1-V1oUvXRkT/q4ka3H1+YNJ1KW8s0=",
      "cpu": [
        "mips64el"
      ],
      "dev": true,
      "license": "MIT",
      "optional": true,
      "os": [
        "linux"
      ],
      "engines": {
        "node": ">=18"
      }
    },
    "node_modules/@esbuild/linux-ppc64": {
      "version": "0.25.12",
      "resolved": "https://ms-feed-25.pkgs.visualstudio.com/1es-public/_packaging/npm-public/npm/registry/@esbuild/linux-ppc64/-/linux-ppc64-0.25.12.tgz",
      "integrity": "sha1-dbmccKlfvV93OddpK+/mBgFZGGk=",
      "cpu": [
        "ppc64"
      ],
      "dev": true,
      "license": "MIT",
      "optional": true,
      "os": [
        "linux"
      ],
      "engines": {
        "node": ">=18"
      }
    },
    "node_modules/@esbuild/linux-riscv64": {
      "version": "0.25.12",
      "resolved": "https://ms-feed-25.pkgs.visualstudio.com/1es-public/_packaging/npm-public/npm/registry/@esbuild/linux-riscv64/-/linux-riscv64-0.25.12.tgz",
      "integrity": "sha1-LjJZRAMhpE553fdTXDJQV9qHXNY=",
      "cpu": [
        "riscv64"
      ],
      "dev": true,
      "license": "MIT",
      "optional": true,
      "os": [
        "linux"
      ],
      "engines": {
        "node": ">=18"
      }
    },
    "node_modules/@esbuild/linux-s390x": {
      "version": "0.25.12",
      "resolved": "https://ms-feed-25.pkgs.visualstudio.com/1es-public/_packaging/npm-public/npm/registry/@esbuild/linux-s390x/-/linux-s390x-0.25.12.tgz",
      "integrity": "sha1-F2dsq7/lko2lsqDW311YzQjbJmM=",
      "cpu": [
        "s390x"
      ],
      "dev": true,
      "license": "MIT",
      "optional": true,
      "os": [
        "linux"
      ],
      "engines": {
        "node": ">=18"
      }
    },
    "node_modules/@esbuild/linux-x64": {
      "version": "0.25.12",
      "resolved": "https://ms-feed-25.pkgs.visualstudio.com/1es-public/_packaging/npm-public/npm/registry/@esbuild/linux-x64/-/linux-x64-0.25.12.tgz",
      "integrity": "sha1-BYN3VoXKggZtBMNQfwlSTTzXowY=",
      "cpu": [
        "x64"
      ],
      "dev": true,
      "license": "MIT",
      "optional": true,
      "os": [
        "linux"
      ],
      "engines": {
        "node": ">=18"
      }
    },
    "node_modules/@esbuild/netbsd-arm64": {
      "version": "0.25.12",
      "resolved": "https://ms-feed-25.pkgs.visualstudio.com/1es-public/_packaging/npm-public/npm/registry/@esbuild/netbsd-arm64/-/netbsd-arm64-0.25.12.tgz",
      "integrity": "sha1-8ExAScsuJS/paxb+2Q9wdGsT9KQ=",
      "cpu": [
        "arm64"
      ],
      "dev": true,
      "license": "MIT",
      "optional": true,
      "os": [
        "netbsd"
      ],
      "engines": {
        "node": ">=18"
      }
    },
    "node_modules/@esbuild/netbsd-x64": {
      "version": "0.25.12",
      "resolved": "https://ms-feed-25.pkgs.visualstudio.com/1es-public/_packaging/npm-public/npm/registry/@esbuild/netbsd-x64/-/netbsd-x64-0.25.12.tgz",
      "integrity": "sha1-d9oNCg2CbXySHuo9QCklSLJYoHY=",
      "cpu": [
        "x64"
      ],
      "dev": true,
      "license": "MIT",
      "optional": true,
      "os": [
        "netbsd"
      ],
      "engines": {
        "node": ">=18"
      }
    },
    "node_modules/@esbuild/openbsd-arm64": {
      "version": "0.25.12",
      "resolved": "https://ms-feed-25.pkgs.visualstudio.com/1es-public/_packaging/npm-public/npm/registry/@esbuild/openbsd-arm64/-/openbsd-arm64-0.25.12.tgz",
      "integrity": "sha1-Ypb1hnrt7yioGyKrIAnHhqlS3M0=",
      "cpu": [
        "arm64"
      ],
      "dev": true,
      "license": "MIT",
      "optional": true,
      "os": [
        "openbsd"
      ],
      "engines": {
        "node": ">=18"
      }
    },
    "node_modules/@esbuild/openbsd-x64": {
      "version": "0.25.12",
      "resolved": "https://ms-feed-25.pkgs.visualstudio.com/1es-public/_packaging/npm-public/npm/registry/@esbuild/openbsd-x64/-/openbsd-x64-0.25.12.tgz",
      "integrity": "sha1-+NIzAzYOJ7Fs8GWyO7/0PBQUJnk=",
      "cpu": [
        "x64"
      ],
      "dev": true,
      "license": "MIT",
      "optional": true,
      "os": [
        "openbsd"
      ],
      "engines": {
        "node": ">=18"
      }
    },
    "node_modules/@esbuild/openharmony-arm64": {
      "version": "0.25.12",
      "resolved": "https://ms-feed-25.pkgs.visualstudio.com/1es-public/_packaging/npm-public/npm/registry/@esbuild/openharmony-arm64/-/openharmony-arm64-0.25.12.tgz",
      "integrity": "sha1-SeC3aHRKOSS+DX/ZfdbOmykj2I0=",
      "cpu": [
        "arm64"
      ],
      "dev": true,
      "license": "MIT",
      "optional": true,
      "os": [
        "openharmony"
      ],
      "engines": {
        "node": ">=18"
      }
    },
    "node_modules/@esbuild/sunos-x64": {
      "version": "0.25.12",
      "resolved": "https://ms-feed-25.pkgs.visualstudio.com/1es-public/_packaging/npm-public/npm/registry/@esbuild/sunos-x64/-/sunos-x64-0.25.12.tgz",
      "integrity": "sha1-pu19Z3jWflKMgfsWWyP0kRubE9Y=",
      "cpu": [
        "x64"
      ],
      "dev": true,
      "license": "MIT",
      "optional": true,
      "os": [
        "sunos"
      ],
      "engines": {
        "node": ">=18"
      }
    },
    "node_modules/@esbuild/win32-arm64": {
      "version": "0.25.12",
      "resolved": "https://ms-feed-25.pkgs.visualstudio.com/1es-public/_packaging/npm-public/npm/registry/@esbuild/win32-arm64/-/win32-arm64-0.25.12.tgz",
      "integrity": "sha1-msFMN44bZTrxfQjn0840yu9YcyM=",
      "cpu": [
        "arm64"
      ],
      "dev": true,
      "license": "MIT",
      "optional": true,
      "os": [
        "win32"
      ],
      "engines": {
        "node": ">=18"
      }
    },
    "node_modules/@esbuild/win32-ia32": {
      "version": "0.25.12",
      "resolved": "https://ms-feed-25.pkgs.visualstudio.com/1es-public/_packaging/npm-public/npm/registry/@esbuild/win32-ia32/-/win32-ia32-0.25.12.tgz",
      "integrity": "sha1-kYlC3LuzXMFPyjmvuRteaj0Scmc=",
      "cpu": [
        "ia32"
      ],
      "dev": true,
      "license": "MIT",
      "optional": true,
      "os": [
        "win32"
      ],
      "engines": {
        "node": ">=18"
      }
    },
    "node_modules/@esbuild/win32-x64": {
      "version": "0.25.12",
      "resolved": "https://ms-feed-25.pkgs.visualstudio.com/1es-public/_packaging/npm-public/npm/registry/@esbuild/win32-x64/-/win32-x64-0.25.12.tgz",
      "integrity": "sha1-m9rYF2vngRrRSNH4dyNZBB9GxsU=",
      "cpu": [
        "x64"
      ],
      "dev": true,
      "license": "MIT",
      "optional": true,
      "os": [
        "win32"
      ],
      "engines": {
        "node": ">=18"
      }
    },
    "node_modules/@lit-labs/signals": {
      "version": "0.3.0",
      "resolved": "https://ms-feed-25.pkgs.visualstudio.com/1es-public/_packaging/npm-public/npm/registry/@lit-labs/signals/-/signals-0.3.0.tgz",
      "integrity": "sha1-dzpEBt/asuEOe1g+luRHmKF2gbM=",
      "license": "BSD-3-Clause",
      "dependencies": {
        "lit": "^2.0.0 || ^3.0.0",
        "signal-polyfill": "^0.2.2"
      }
    },
    "node_modules/@lit-labs/ssr-dom-shim": {
      "version": "1.6.0",
      "resolved": "https://ms-feed-25.pkgs.visualstudio.com/1es-public/_packaging/npm-public/npm/registry/@lit-labs/ssr-dom-shim/-/ssr-dom-shim-1.6.0.tgz",
      "integrity": "sha1-aT4Sm4CXQf0j6Y/LV+Qf09CC2xo=",
      "license": "BSD-3-Clause"
    },
    "node_modules/@lit/context": {
      "version": "1.1.6",
      "resolved": "https://ms-feed-25.pkgs.visualstudio.com/1es-public/_packaging/npm-public/npm/registry/@lit/context/-/context-1.1.6.tgz",
      "integrity": "sha1-rmcSa6tMq9plN0oyhuQWjwe8MeY=",
      "license": "BSD-3-Clause",
      "dependencies": {
        "@lit/reactive-element": "^1.6.2 || ^2.1.0"
      }
    },
    "node_modules/@lit/reactive-element": {
      "version": "2.1.2",
      "resolved": "https://ms-feed-25.pkgs.visualstudio.com/1es-public/_packaging/npm-public/npm/registry/@lit/reactive-element/-/reactive-element-2.1.2.tgz",
      "integrity": "sha1-TGr5BCYDyY5hupCylGB5BNUbYcs=",
      "license": "BSD-3-Clause",
      "dependencies": {
        "@lit-labs/ssr-dom-shim": "^1.5.0"
      }
    },
    "node_modules/@preact/signals-core": {
      "version": "1.14.4",
      "resolved": "https://ms-feed-25.pkgs.visualstudio.com/1es-public/_packaging/npm-public/npm/registry/@preact/signals-core/-/signals-core-1.14.4.tgz",
      "integrity": "sha1-01iMvaI3/LPIqOR49sw3BlNgnrc=",
      "license": "MIT",
      "funding": {
        "type": "opencollective",
        "url": "https://opencollective.com/preact"
      }
    },
    "node_modules/@types/trusted-types": {
      "version": "2.0.7",
      "resolved": "https://ms-feed-25.pkgs.visualstudio.com/1es-public/_packaging/npm-public/npm/registry/@types/trusted-types/-/trusted-types-2.0.7.tgz",
      "integrity": "sha1-usywepcLkXB986PoumiWxX6tLRE=",
      "license": "MIT"
    },
    "node_modules/date-fns": {
      "version": "4.4.0",
      "resolved": "https://ms-feed-25.pkgs.visualstudio.com/1es-public/_packaging/npm-public/npm/registry/date-fns/-/date-fns-4.4.0.tgz",
      "integrity": "sha1-gGU57fRcYWsrdrX3i4jFbtPH4DY=",
      "license": "MIT",
      "funding": {
        "type": "github",
        "url": "https://github.com/sponsors/kossnocorp"
      }
    },
    "node_modules/esbuild": {
      "version": "0.25.12",
      "resolved": "https://ms-feed-25.pkgs.visualstudio.com/1es-public/_packaging/npm-public/npm/registry/esbuild/-/esbuild-0.25.12.tgz",
      "integrity": "sha1-l6HQQfSrAML84vg40rmWmi0ql6U=",
      "dev": true,
      "hasInstallScript": true,
      "license": "MIT",
      "bin": {
        "esbuild": "bin/esbuild"
      },
      "engines": {
        "node": ">=18"
      },
      "optionalDependencies": {
        "@esbuild/aix-ppc64": "0.25.12",
        "@esbuild/android-arm": "0.25.12",
        "@esbuild/android-arm64": "0.25.12",
        "@esbuild/android-x64": "0.25.12",
        "@esbuild/darwin-arm64": "0.25.12",
        "@esbuild/darwin-x64": "0.25.12",
        "@esbuild/freebsd-arm64": "0.25.12",
        "@esbuild/freebsd-x64": "0.25.12",
        "@esbuild/linux-arm": "0.25.12",
        "@esbuild/linux-arm64": "0.25.12",
        "@esbuild/linux-ia32": "0.25.12",
        "@esbuild/linux-loong64": "0.25.12",
        "@esbuild/linux-mips64el": "0.25.12",
        "@esbuild/linux-ppc64": "0.25.12",
        "@esbuild/linux-riscv64": "0.25.12",
        "@esbuild/linux-s390x": "0.25.12",
        "@esbuild/linux-x64": "0.25.12",
        "@esbuild/netbsd-arm64": "0.25.12",
        "@esbuild/netbsd-x64": "0.25.12",
        "@esbuild/openbsd-arm64": "0.25.12",
        "@esbuild/openbsd-x64": "0.25.12",
        "@esbuild/openharmony-arm64": "0.25.12",
        "@esbuild/sunos-x64": "0.25.12",
        "@esbuild/win32-arm64": "0.25.12",
        "@esbuild/win32-ia32": "0.25.12",
        "@esbuild/win32-x64": "0.25.12"
      }
    },
    "node_modules/lit": {
      "version": "3.3.3",
      "resolved": "https://ms-feed-25.pkgs.visualstudio.com/1es-public/_packaging/npm-public/npm/registry/lit/-/lit-3.3.3.tgz",
      "integrity": "sha1-k1eYheUaIKdyxoSCo0cG/hY26PA=",
      "license": "BSD-3-Clause",
      "dependencies": {
        "@lit/reactive-element": "^2.1.0",
        "lit-element": "^4.2.0",
        "lit-html": "^3.3.0"
      }
    },
    "node_modules/lit-element": {
      "version": "4.2.2",
      "resolved": "https://ms-feed-25.pkgs.visualstudio.com/1es-public/_packaging/npm-public/npm/registry/lit-element/-/lit-element-4.2.2.tgz",
      "integrity": "sha1-90/L++qUXq5WFOziKmdPpSyjNls=",
      "license": "BSD-3-Clause",
      "dependencies": {
        "@lit-labs/ssr-dom-shim": "^1.5.0",
        "@lit/reactive-element": "^2.1.0",
        "lit-html": "^3.3.0"
      }
    },
    "node_modules/lit-html": {
      "version": "3.3.3",
      "resolved": "https://ms-feed-25.pkgs.visualstudio.com/1es-public/_packaging/npm-public/npm/registry/lit-html/-/lit-html-3.3.3.tgz",
      "integrity": "sha1-pj/QL7jBx7cFfugFq2xhL96+8LE=",
      "license": "BSD-3-Clause",
      "dependencies": {
        "@types/trusted-types": "^2.0.2"
      }
    },
    "node_modules/prettier": {
      "version": "3.8.4",
      "resolved": "https://ms-feed-25.pkgs.visualstudio.com/1es-public/_packaging/npm-public/npm/registry/prettier/-/prettier-3.8.4.tgz",
      "integrity": "sha1-8zTwE6wEqWZ28k2rwjwcSuG65BE=",
      "dev": true,
      "license": "MIT",
      "bin": {
        "prettier": "bin/prettier.cjs"
      },
      "engines": {
        "node": ">=14"
      },
      "funding": {
        "url": "https://github.com/prettier/prettier?sponsor=1"
      }
    },
    "node_modules/signal-polyfill": {
      "version": "0.2.2",
      "resolved": "https://ms-feed-25.pkgs.visualstudio.com/1es-public/_packaging/npm-public/npm/registry/signal-polyfill/-/signal-polyfill-0.2.2.tgz",
      "integrity": "sha1-ci4s0nLL1s3F/MdBRZvQZvk9AmQ=",
      "license": "Apache-2.0"
    },
    "node_modules/signal-utils": {
      "version": "0.21.1",
      "resolved": "https://ms-feed-25.pkgs.visualstudio.com/1es-public/_packaging/npm-public/npm/registry/signal-utils/-/signal-utils-0.21.1.tgz",
      "integrity": "sha1-EGBwO0GW4Wy/A5yLnqostamfWM0=",
      "license": "MIT",
      "peerDependencies": {
        "signal-polyfill": "^0.2.0"
      }
    },
    "node_modules/zod": {
      "version": "3.25.76",
      "resolved": "https://ms-feed-25.pkgs.visualstudio.com/1es-public/_packaging/npm-public/npm/registry/zod/-/zod-3.25.76.tgz",
      "integrity": "sha1-JoQcP2/SKmonYOfMtxkXl2hHHjQ=",
      "license": "MIT",
      "funding": {
        "url": "https://github.com/sponsors/colinhacks"
      }
    },
    "node_modules/zod-to-json-schema": {
      "version": "3.25.2",
      "resolved": "https://ms-feed-25.pkgs.visualstudio.com/1es-public/_packaging/npm-public/npm/registry/zod-to-json-schema/-/zod-to-json-schema-3.25.2.tgz",
      "integrity": "sha1-P6eZp7rdVUVBRy+2WEP9xGCy5ao=",
      "license": "ISC",
      "peerDependencies": {
        "zod": "^3.25.28 || ^4"
      }
    }
  }
}
